
Microsoft Visual Studio Solution File, Format Version 12.00
# Visual Studio Version 17
VisualStudioVersion = 17.9.34728.123
MinimumVisualStudioVersion = 10.0.40219.1
Project("{9A19103F-16F7-4668-BE54-9A1E7A4F7556}") = "TestTask", "TestTask\TestTask.csproj", "{70A77800-AE5F-45D2-A353-7156C5772672}"
EndProject
Project("{9A19103F-16F7-4668-BE54-9A1E7A4F7556}") = "TestTask.Tests", "TestTask.Tests\TestTask.Tests.csproj", "{1FC7CA86-8B7E-42D5-B472-B52D07F682BE}"
EndProject
Project("{E53339B2-1760-4266-BCC7-CA923CBCF16C}") = "docker-compose", "docker-compose.dcproj", "{8D41EEB3-0DF4-4760-894D-F3C79F5F03D6}"
EndProject
Global
	GlobalSection(SolutionConfigurationPlatforms) = preSolution
		Debug|Any CPU = Debug|Any CPU
		Release|Any CPU = Release|Any CPU
	EndGlobalSection
	GlobalSection(ProjectConfigurationPlatforms) = postSolution
		{70A77800-AE5F-45D2-A353-7156C5772672}.Debug|Any CPU.ActiveCfg = Debug|Any CPU
		{70A77800-AE5F-45D2-A353-7156C5772672}.Debug|Any CPU.Build.0 = Debug|Any CPU
		{70A77800-AE5F-45D2-A353-7156C5772672}.Release|Any CPU.ActiveCfg = Release|Any CPU
		{70A77800-AE5F-45D2-A353-7156C5772672}.Release|Any CPU.Build.0 = Release|Any CPU
		{1FC7CA86-8B7E-42D5-B472-B52D07F682BE}.Debug|Any CPU.ActiveCfg = Debug|Any CPU
		{1FC7CA86-8B7E-42D5-B472-B52D07F682BE}.Debug|Any CPU.Build.0 = Debug|Any CPU
		{1FC7CA86-8B7E-42D5-B472-B52D07F682BE}.Release|Any CPU.ActiveCfg = Release|Any CPU
		{1FC7CA86-8B7E-42D5-B472-B52D07F682BE}.Release|Any CPU.Build.0 = Release|Any CPU
		{8D41EEB3-0DF4-4760-894D-F3C79F5F03D6}.Debug|Any CPU.ActiveCfg = Debug|Any CPU
		{8D41EEB3-0DF4-4760-894D-F3C79F5F03D6}.Debug|Any CPU.Build.0 = Debug|Any CPU
		{8D41EEB3-0DF4-4760-894D-F3C79F5F03D6}.Release|Any CPU.ActiveCfg = Release|Any CPU
		{8D41EEB3-0DF4-4760-894D-F3C79F5F03D6}.Release|Any CPU.Build.0 = Release|Any CPU
	EndGlobalSection
	GlobalSection(SolutionProperties) = preSolution
		HideSolutionNode = FALSE
	EndGlobalSection
	GlobalSection(ExtensibilityGlobals) = postSolution
		SolutionGuid = {2A892E86-ACBE-496E-83F0-82F7BC617BCF}
	EndGlobalSection
EndGlobal
